
Microsoft Visual Studio Solution File, Format Version 12.00
# Visual Studio Version 16
VisualStudioVersion = 16.0.31605.320
MinimumVisualStudioVersion = 10.0.40219.1
Project("{9A19103F-16F7-4668-BE54-9A1E7A4F7556}") = "Searching Sorting Algorithms", "Searching Sorting Algorithms\Searching Sorting Algorithms.csproj", "{1A8EDE14-9023-4BC5-A222-D9435F7BE74F}"
EndProject
Project("{FAE04EC0-301F-11D3-BF4B-00C04F79EFBC}") = "02. Selection Sort", "02. Selection Sort\02. Selection Sort.csproj", "{DA431105-FE90-4D41-A720-53366475FE25}"
EndProject
Project("{FAE04EC0-301F-11D3-BF4B-00C04F79EFBC}") = "01. Binary Search", "01. Binary Search\01. Binary Search.csproj", "{44EA7415-05AA-4D67-9FE6-A9D43A2D9BE7}"
EndProject
Project("{FAE04EC0-301F-11D3-BF4B-00C04F79EFBC}") = "03. Bubble Sort", "3. Bubble Sort\03. Bubble Sort.csproj", "{594B4D78-9548-4390-8ED0-DDDAB05FB604}"
EndProject
Global
	GlobalSection(SolutionConfigurationPlatforms) = preSolution
		Debug|Any CPU = Debug|Any CPU
		Release|Any CPU = Release|Any CPU
	EndGlobalSection
	GlobalSection(ProjectConfigurationPlatforms) = postSolution
		{1A8EDE14-9023-4BC5-A222-D9435F7BE74F}.Debug|Any CPU.ActiveCfg = Debug|Any CPU
		{1A8EDE14-9023-4BC5-A222-D9435F7BE74F}.Debug|Any CPU.Build.0 = Debug|Any CPU
		{1A8EDE14-9023-4BC5-A222-D9435F7BE74F}.Release|Any CPU.ActiveCfg = Release|Any CPU
		{1A8EDE14-9023-4BC5-A222-D9435F7BE74F}.Release|Any CPU.Build.0 = Release|Any CPU
		{DA431105-FE90-4D41-A720-53366475FE25}.Debug|Any CPU.ActiveCfg = Debug|Any CPU
		{DA431105-FE90-4D41-A720-53366475FE25}.Debug|Any CPU.Build.0 = Debug|Any CPU
		{DA431105-FE90-4D41-A720-53366475FE25}.Release|Any CPU.ActiveCfg = Release|Any CPU
		{DA431105-FE90-4D41-A720-53366475FE25}.Release|Any CPU.Build.0 = Release|Any CPU
		{44EA7415-05AA-4D67-9FE6-A9D43A2D9BE7}.Debug|Any CPU.ActiveCfg = Debug|Any CPU
		{44EA7415-05AA-4D67-9FE6-A9D43A2D9BE7}.Debug|Any CPU.Build.0 = Debug|Any CPU
		{44EA7415-05AA-4D67-9FE6-A9D43A2D9BE7}.Release|Any CPU.ActiveCfg = Release|Any CPU
		{44EA7415-05AA-4D67-9FE6-A9D43A2D9BE7}.Release|Any CPU.Build.0 = Release|Any CPU
		{594B4D78-9548-4390-8ED0-DDDAB05FB604}.Debug|Any CPU.ActiveCfg = Debug|Any CPU
		{594B4D78-9548-4390-8ED0-DDDAB05FB604}.Debug|Any CPU.Build.0 = Debug|Any CPU
		{594B4D78-9548-4390-8ED0-DDDAB05FB604}.Release|Any CPU.ActiveCfg = Release|Any CPU
		{594B4D78-9548-4390-8ED0-DDDAB05FB604}.Release|Any CPU.Build.0 = Release|Any CPU
	EndGlobalSection
	GlobalSection(SolutionProperties) = preSolution
		HideSolutionNode = FALSE
	EndGlobalSection
	GlobalSection(ExtensibilityGlobals) = postSolution
		SolutionGuid = {DFC31CDF-6B6C-4990-85E0-3C88AE69BF0B}
	EndGlobalSection
EndGlobal
